
Microsoft Visual Studio Solution File, Format Version 12.00
# Visual Studio Version 16
VisualStudioVersion = 16.0.31729.503
MinimumVisualStudioVersion = 10.0.40219.1
Project("{FAE04EC0-301F-11D3-BF4B-00C04F79EFBC}") = "Structs", "Structs\Structs.csproj", "{7FA1FB65-E51D-4CF3-809A-6B2BC878E321}"
EndProject
Global
	GlobalSection(SolutionConfigurationPlatforms) = preSolution
		Debug|Any CPU = Debug|Any CPU
		Release|Any CPU = Release|Any CPU
	EndGlobalSection
	GlobalSection(ProjectConfigurationPlatforms) = postSolution
		{7FA1FB65-E51D-4CF3-809A-6B2BC878E321}.Debug|Any CPU.ActiveCfg = Debug|Any CPU
		{7FA1FB65-E51D-4CF3-809A-6B2BC878E321}.Debug|Any CPU.Build.0 = Debug|Any CPU
		{7FA1FB65-E51D-4CF3-809A-6B2BC878E321}.Release|Any CPU.ActiveCfg = Release|Any CPU
		{7FA1FB65-E51D-4CF3-809A-6B2BC878E321}.Release|Any CPU.Build.0 = Release|Any CPU
	EndGlobalSection
	GlobalSection(SolutionProperties) = preSolution
		HideSolutionNode = FALSE
	EndGlobalSection
	GlobalSection(ExtensibilityGlobals) = postSolution
		SolutionGuid = {6C817CEB-2D4E-4D8A-BC00-1724B4CEF0F7}
	EndGlobalSection
EndGlobal
