
Microsoft Visual Studio Solution File, Format Version 12.00
# Visual Studio Version 16
VisualStudioVersion = 16.0.31729.503
MinimumVisualStudioVersion = 10.0.40219.1
Project("{FAE04EC0-301F-11D3-BF4B-00C04F79EFBC}") = "LambdaExpressions", "LambdaExpressions\LambdaExpressions.csproj", "{4F21C701-BBB7-42A3-BC66-62C645736948}"
EndProject
Global
	GlobalSection(SolutionConfigurationPlatforms) = preSolution
		Debug|Any CPU = Debug|Any CPU
		Release|Any CPU = Release|Any CPU
	EndGlobalSection
	GlobalSection(ProjectConfigurationPlatforms) = postSolution
		{4F21C701-BBB7-42A3-BC66-62C645736948}.Debug|Any CPU.ActiveCfg = Debug|Any CPU
		{4F21C701-BBB7-42A3-BC66-62C645736948}.Debug|Any CPU.Build.0 = Debug|Any CPU
		{4F21C701-BBB7-42A3-BC66-62C645736948}.Release|Any CPU.ActiveCfg = Release|Any CPU
		{4F21C701-BBB7-42A3-BC66-62C645736948}.Release|Any CPU.Build.0 = Release|Any CPU
	EndGlobalSection
	GlobalSection(SolutionProperties) = preSolution
		HideSolutionNode = FALSE
	EndGlobalSection
	GlobalSection(ExtensibilityGlobals) = postSolution
		SolutionGuid = {4947DB12-35D8-495F-B507-B49F024B0464}
	EndGlobalSection
EndGlobal
