
Microsoft Visual Studio Solution File, Format Version 12.00
# Visual Studio Version 16
VisualStudioVersion = 16.0.31702.278
MinimumVisualStudioVersion = 10.0.40219.1
Project("{FAE04EC0-301F-11D3-BF4B-00C04F79EFBC}") = "Iteration", "Iteration\Iteration.csproj", "{0F4305CD-ACC1-4DBF-9C37-1F1375910ECE}"
EndProject
Global
	GlobalSection(SolutionConfigurationPlatforms) = preSolution
		Debug|Any CPU = Debug|Any CPU
		Release|Any CPU = Release|Any CPU
	EndGlobalSection
	GlobalSection(ProjectConfigurationPlatforms) = postSolution
		{0F4305CD-ACC1-4DBF-9C37-1F1375910ECE}.Debug|Any CPU.ActiveCfg = Debug|Any CPU
		{0F4305CD-ACC1-4DBF-9C37-1F1375910ECE}.Debug|Any CPU.Build.0 = Debug|Any CPU
		{0F4305CD-ACC1-4DBF-9C37-1F1375910ECE}.Release|Any CPU.ActiveCfg = Release|Any CPU
		{0F4305CD-ACC1-4DBF-9C37-1F1375910ECE}.Release|Any CPU.Build.0 = Release|Any CPU
	EndGlobalSection
	GlobalSection(SolutionProperties) = preSolution
		HideSolutionNode = FALSE
	EndGlobalSection
	GlobalSection(ExtensibilityGlobals) = postSolution
		SolutionGuid = {51AE62D5-3472-4276-A988-475F1EDC5BE6}
	EndGlobalSection
EndGlobal
