
Microsoft Visual Studio Solution File, Format Version 12.00
# Visual Studio Version 16
VisualStudioVersion = 16.0.32106.194
MinimumVisualStudioVersion = 10.0.40219.1
Project("{FAE04EC0-301F-11D3-BF4B-00C04F79EFBC}") = "ConsoleAppCar", "ConsoleAppCar\ConsoleAppCar.csproj", "{EB647961-3FC0-4E04-9D89-A5DF925A633C}"
EndProject
Global
	GlobalSection(SolutionConfigurationPlatforms) = preSolution
		Debug|Any CPU = Debug|Any CPU
		Release|Any CPU = Release|Any CPU
	EndGlobalSection
	GlobalSection(ProjectConfigurationPlatforms) = postSolution
		{EB647961-3FC0-4E04-9D89-A5DF925A633C}.Debug|Any CPU.ActiveCfg = Debug|Any CPU
		{EB647961-3FC0-4E04-9D89-A5DF925A633C}.Debug|Any CPU.Build.0 = Debug|Any CPU
		{EB647961-3FC0-4E04-9D89-A5DF925A633C}.Release|Any CPU.ActiveCfg = Release|Any CPU
		{EB647961-3FC0-4E04-9D89-A5DF925A633C}.Release|Any CPU.Build.0 = Release|Any CPU
	EndGlobalSection
	GlobalSection(SolutionProperties) = preSolution
		HideSolutionNode = FALSE
	EndGlobalSection
	GlobalSection(ExtensibilityGlobals) = postSolution
		SolutionGuid = {53F8F768-20C1-4E66-8E4E-1A419928DF6E}
	EndGlobalSection
EndGlobal
