
Microsoft Visual Studio Solution File, Format Version 12.00
# Visual Studio Version 16
VisualStudioVersion = 16.0.31624.102
MinimumVisualStudioVersion = 10.0.40219.1
Project("{FAE04EC0-301F-11D3-BF4B-00C04F79EFBC}") = "BranchingSubmission", "BranchingSubmission\BranchingSubmission.csproj", "{2AE6DA9E-6669-4F97-99D9-66FD145E4C74}"
EndProject
Global
	GlobalSection(SolutionConfigurationPlatforms) = preSolution
		Debug|Any CPU = Debug|Any CPU
		Release|Any CPU = Release|Any CPU
	EndGlobalSection
	GlobalSection(ProjectConfigurationPlatforms) = postSolution
		{2AE6DA9E-6669-4F97-99D9-66FD145E4C74}.Debug|Any CPU.ActiveCfg = Debug|Any CPU
		{2AE6DA9E-6669-4F97-99D9-66FD145E4C74}.Debug|Any CPU.Build.0 = Debug|Any CPU
		{2AE6DA9E-6669-4F97-99D9-66FD145E4C74}.Release|Any CPU.ActiveCfg = Release|Any CPU
		{2AE6DA9E-6669-4F97-99D9-66FD145E4C74}.Release|Any CPU.Build.0 = Release|Any CPU
	EndGlobalSection
	GlobalSection(SolutionProperties) = preSolution
		HideSolutionNode = FALSE
	EndGlobalSection
	GlobalSection(ExtensibilityGlobals) = postSolution
		SolutionGuid = {C50CC8FF-E067-41FC-93C0-4818B4842801}
	EndGlobalSection
EndGlobal
