
Microsoft Visual Studio Solution File, Format Version 12.00
# Visual Studio Version 16
VisualStudioVersion = 16.0.31624.102
MinimumVisualStudioVersion = 10.0.40219.1
Project("{FAE04EC0-301F-11D3-BF4B-00C04F79EFBC}") = "ArraysAndLists", "ArraysAndLists\ArraysAndLists.csproj", "{2DA6E882-8A1F-493D-8559-5C185522075E}"
EndProject
Global
	GlobalSection(SolutionConfigurationPlatforms) = preSolution
		Debug|Any CPU = Debug|Any CPU
		Release|Any CPU = Release|Any CPU
	EndGlobalSection
	GlobalSection(ProjectConfigurationPlatforms) = postSolution
		{2DA6E882-8A1F-493D-8559-5C185522075E}.Debug|Any CPU.ActiveCfg = Debug|Any CPU
		{2DA6E882-8A1F-493D-8559-5C185522075E}.Debug|Any CPU.Build.0 = Debug|Any CPU
		{2DA6E882-8A1F-493D-8559-5C185522075E}.Release|Any CPU.ActiveCfg = Release|Any CPU
		{2DA6E882-8A1F-493D-8559-5C185522075E}.Release|Any CPU.Build.0 = Release|Any CPU
	EndGlobalSection
	GlobalSection(SolutionProperties) = preSolution
		HideSolutionNode = FALSE
	EndGlobalSection
	GlobalSection(ExtensibilityGlobals) = postSolution
		SolutionGuid = {8C4D7103-F252-4824-AFB1-4ECECEF6E0D0}
	EndGlobalSection
EndGlobal
