
Microsoft Visual Studio Solution File, Format Version 12.00
# Visual Studio Version 16
VisualStudioVersion = 16.0.31624.102
MinimumVisualStudioVersion = 10.0.40219.1
Project("{FAE04EC0-301F-11D3-BF4B-00C04F79EFBC}") = "ConsolePractice", "ConsolePractice\ConsolePractice.csproj", "{05276033-E257-448D-A492-D6A01227B6D4}"
EndProject
Global
	GlobalSection(SolutionConfigurationPlatforms) = preSolution
		Debug|Any CPU = Debug|Any CPU
		Release|Any CPU = Release|Any CPU
	EndGlobalSection
	GlobalSection(ProjectConfigurationPlatforms) = postSolution
		{05276033-E257-448D-A492-D6A01227B6D4}.Debug|Any CPU.ActiveCfg = Debug|Any CPU
		{05276033-E257-448D-A492-D6A01227B6D4}.Debug|Any CPU.Build.0 = Debug|Any CPU
		{05276033-E257-448D-A492-D6A01227B6D4}.Release|Any CPU.ActiveCfg = Release|Any CPU
		{05276033-E257-448D-A492-D6A01227B6D4}.Release|Any CPU.Build.0 = Release|Any CPU
	EndGlobalSection
	GlobalSection(SolutionProperties) = preSolution
		HideSolutionNode = FALSE
	EndGlobalSection
	GlobalSection(ExtensibilityGlobals) = postSolution
		SolutionGuid = {A071F22F-D436-4C50-852B-281B58F05129}
	EndGlobalSection
EndGlobal
