
Microsoft Visual Studio Solution File, Format Version 12.00
# Visual Studio Version 16
VisualStudioVersion = 16.0.31727.386
MinimumVisualStudioVersion = 10.0.40219.1
Project("{FAE04EC0-301F-11D3-BF4B-00C04F79EFBC}") = "MainMethodSubmission", "MainMethodSubmission\MainMethodSubmission.csproj", "{39291CA0-F27C-4469-8F06-F60E6368A820}"
EndProject
Global
	GlobalSection(SolutionConfigurationPlatforms) = preSolution
		Debug|Any CPU = Debug|Any CPU
		Release|Any CPU = Release|Any CPU
	EndGlobalSection
	GlobalSection(ProjectConfigurationPlatforms) = postSolution
		{39291CA0-F27C-4469-8F06-F60E6368A820}.Debug|Any CPU.ActiveCfg = Debug|Any CPU
		{39291CA0-F27C-4469-8F06-F60E6368A820}.Debug|Any CPU.Build.0 = Debug|Any CPU
		{39291CA0-F27C-4469-8F06-F60E6368A820}.Release|Any CPU.ActiveCfg = Release|Any CPU
		{39291CA0-F27C-4469-8F06-F60E6368A820}.Release|Any CPU.Build.0 = Release|Any CPU
	EndGlobalSection
	GlobalSection(SolutionProperties) = preSolution
		HideSolutionNode = FALSE
	EndGlobalSection
	GlobalSection(ExtensibilityGlobals) = postSolution
		SolutionGuid = {BD627B11-E2E2-4C4E-965D-FB460E70B7A5}
	EndGlobalSection
EndGlobal
