
Microsoft Visual Studio Solution File, Format Version 12.00
# Visual Studio Version 16
VisualStudioVersion = 16.0.31729.503
MinimumVisualStudioVersion = 10.0.40219.1
Project("{FAE04EC0-301F-11D3-BF4B-00C04F79EFBC}") = "TestingConsoleApp", "TestingConsoleApp\TestingConsoleApp.csproj", "{166ABF56-E1F8-47AE-9C2E-7B76F9875DED}"
EndProject
Global
	GlobalSection(SolutionConfigurationPlatforms) = preSolution
		Debug|Any CPU = Debug|Any CPU
		Release|Any CPU = Release|Any CPU
	EndGlobalSection
	GlobalSection(ProjectConfigurationPlatforms) = postSolution
		{166ABF56-E1F8-47AE-9C2E-7B76F9875DED}.Debug|Any CPU.ActiveCfg = Debug|Any CPU
		{166ABF56-E1F8-47AE-9C2E-7B76F9875DED}.Debug|Any CPU.Build.0 = Debug|Any CPU
		{166ABF56-E1F8-47AE-9C2E-7B76F9875DED}.Release|Any CPU.ActiveCfg = Release|Any CPU
		{166ABF56-E1F8-47AE-9C2E-7B76F9875DED}.Release|Any CPU.Build.0 = Release|Any CPU
	EndGlobalSection
	GlobalSection(SolutionProperties) = preSolution
		HideSolutionNode = FALSE
	EndGlobalSection
	GlobalSection(ExtensibilityGlobals) = postSolution
		SolutionGuid = {E5AAA325-4070-40FE-B0A1-DEEC9ADD8A18}
	EndGlobalSection
EndGlobal
