
Microsoft Visual Studio Solution File, Format Version 12.00
# Visual Studio Version 16
VisualStudioVersion = 16.0.31624.102
MinimumVisualStudioVersion = 10.0.40219.1
Project("{FAE04EC0-301F-11D3-BF4B-00C04F79EFBC}") = "MathChallenge", "MathChallenge\MathChallenge.csproj", "{62903C4D-18BB-4339-95EF-CAB4524C8A96}"
EndProject
Global
	GlobalSection(SolutionConfigurationPlatforms) = preSolution
		Debug|Any CPU = Debug|Any CPU
		Release|Any CPU = Release|Any CPU
	EndGlobalSection
	GlobalSection(ProjectConfigurationPlatforms) = postSolution
		{62903C4D-18BB-4339-95EF-CAB4524C8A96}.Debug|Any CPU.ActiveCfg = Debug|Any CPU
		{62903C4D-18BB-4339-95EF-CAB4524C8A96}.Debug|Any CPU.Build.0 = Debug|Any CPU
		{62903C4D-18BB-4339-95EF-CAB4524C8A96}.Release|Any CPU.ActiveCfg = Release|Any CPU
		{62903C4D-18BB-4339-95EF-CAB4524C8A96}.Release|Any CPU.Build.0 = Release|Any CPU
	EndGlobalSection
	GlobalSection(SolutionProperties) = preSolution
		HideSolutionNode = FALSE
	EndGlobalSection
	GlobalSection(ExtensibilityGlobals) = postSolution
		SolutionGuid = {8A94B0F1-3799-41D9-9E56-9A6ABE369DEB}
	EndGlobalSection
EndGlobal
